
Microsoft Visual Studio Solution File, Format Version 12.00
# Visual Studio Version 16
VisualStudioVersion = 16.0.29509.3
MinimumVisualStudioVersion = 10.0.40219.1
Project("{9A19103F-16F7-4668-BE54-9A1E7A4F7556}") = "DysFin.Web", "DysFin\DysFin.Web.csproj", "{AE9FB740-4CC1-45F6-8D60-1B27B192CF4B}"
EndProject
Project("{2150E333-8FDC-42A3-9474-1A3956D46DE8}") = "Solution Items", "Solution Items", "{9AA709D2-748B-4EC1-B806-3CD985C7EFE2}"
	ProjectSection(SolutionItems) = preProject
		.editorconfig = .editorconfig
	EndProjectSection
EndProject
Global
	GlobalSection(SolutionConfigurationPlatforms) = preSolution
		Debug|Any CPU = Debug|Any CPU
		Release|Any CPU = Release|Any CPU
	EndGlobalSection
	GlobalSection(ProjectConfigurationPlatforms) = postSolution
		{AE9FB740-4CC1-45F6-8D60-1B27B192CF4B}.Debug|Any CPU.ActiveCfg = Debug|Any CPU
		{AE9FB740-4CC1-45F6-8D60-1B27B192CF4B}.Debug|Any CPU.Build.0 = Debug|Any CPU
		{AE9FB740-4CC1-45F6-8D60-1B27B192CF4B}.Release|Any CPU.ActiveCfg = Release|Any CPU
		{AE9FB740-4CC1-45F6-8D60-1B27B192CF4B}.Release|Any CPU.Build.0 = Release|Any CPU
	EndGlobalSection
	GlobalSection(SolutionProperties) = preSolution
		HideSolutionNode = FALSE
	EndGlobalSection
	GlobalSection(ExtensibilityGlobals) = postSolution
		SolutionGuid = {E4628061-B143-4056-A0E5-4C4D1F08CA72}
	EndGlobalSection
EndGlobal
